
Microsoft Visual Studio Solution File, Format Version 12.00
# Visual Studio Version 16
VisualStudioVersion = 16.0.29806.167
MinimumVisualStudioVersion = 10.0.40219.1
Project("{FAE04EC0-301F-11D3-BF4B-00C04F79EFBC}") = "Adv_L3_T1", "Adv_L3_T1\Adv_L3_T1.csproj", "{FD1801D8-360D-4252-9E0B-085C0579AE7C}"
EndProject
Project("{FAE04EC0-301F-11D3-BF4B-00C04F79EFBC}") = "Adv_L3_T2", "Adv_L3_T2\Adv_L3_T2.csproj", "{D42E0DD3-C36F-4585-A950-0D943D602F72}"
EndProject
Project("{FAE04EC0-301F-11D3-BF4B-00C04F79EFBC}") = "Adv_L3_T3", "Adv_L3_T3\Adv_L3_T3.csproj", "{A34C8C71-A0E4-4BFD-9A80-646ECA3C5302}"
EndProject
Project("{FAE04EC0-301F-11D3-BF4B-00C04F79EFBC}") = "Adv_L3_T4", "Adv_L3_T4\Adv_L3_T4.csproj", "{B8DA4976-C665-4464-A8D2-55E628ABF63A}"
EndProject
Global
	GlobalSection(SolutionConfigurationPlatforms) = preSolution
		Debug|Any CPU = Debug|Any CPU
		Release|Any CPU = Release|Any CPU
	EndGlobalSection
	GlobalSection(ProjectConfigurationPlatforms) = postSolution
		{FD1801D8-360D-4252-9E0B-085C0579AE7C}.Debug|Any CPU.ActiveCfg = Debug|Any CPU
		{FD1801D8-360D-4252-9E0B-085C0579AE7C}.Debug|Any CPU.Build.0 = Debug|Any CPU
		{FD1801D8-360D-4252-9E0B-085C0579AE7C}.Release|Any CPU.ActiveCfg = Release|Any CPU
		{FD1801D8-360D-4252-9E0B-085C0579AE7C}.Release|Any CPU.Build.0 = Release|Any CPU
		{D42E0DD3-C36F-4585-A950-0D943D602F72}.Debug|Any CPU.ActiveCfg = Debug|Any CPU
		{D42E0DD3-C36F-4585-A950-0D943D602F72}.Debug|Any CPU.Build.0 = Debug|Any CPU
		{D42E0DD3-C36F-4585-A950-0D943D602F72}.Release|Any CPU.ActiveCfg = Release|Any CPU
		{D42E0DD3-C36F-4585-A950-0D943D602F72}.Release|Any CPU.Build.0 = Release|Any CPU
		{A34C8C71-A0E4-4BFD-9A80-646ECA3C5302}.Debug|Any CPU.ActiveCfg = Debug|Any CPU
		{A34C8C71-A0E4-4BFD-9A80-646ECA3C5302}.Debug|Any CPU.Build.0 = Debug|Any CPU
		{A34C8C71-A0E4-4BFD-9A80-646ECA3C5302}.Release|Any CPU.ActiveCfg = Release|Any CPU
		{A34C8C71-A0E4-4BFD-9A80-646ECA3C5302}.Release|Any CPU.Build.0 = Release|Any CPU
		{B8DA4976-C665-4464-A8D2-55E628ABF63A}.Debug|Any CPU.ActiveCfg = Debug|Any CPU
		{B8DA4976-C665-4464-A8D2-55E628ABF63A}.Debug|Any CPU.Build.0 = Debug|Any CPU
		{B8DA4976-C665-4464-A8D2-55E628ABF63A}.Release|Any CPU.ActiveCfg = Release|Any CPU
		{B8DA4976-C665-4464-A8D2-55E628ABF63A}.Release|Any CPU.Build.0 = Release|Any CPU
	EndGlobalSection
	GlobalSection(SolutionProperties) = preSolution
		HideSolutionNode = FALSE
	EndGlobalSection
	GlobalSection(ExtensibilityGlobals) = postSolution
		SolutionGuid = {5B13CD04-2A8E-4E94-9329-E891BFF8A6F2}
	EndGlobalSection
EndGlobal
