
Microsoft Visual Studio Solution File, Format Version 12.00
# Visual Studio Version 16
VisualStudioVersion = 16.0.29806.167
MinimumVisualStudioVersion = 10.0.40219.1
Project("{FAE04EC0-301F-11D3-BF4B-00C04F79EFBC}") = "Adv_L10_T1", "Adv_L10_T1\Adv_L10_T1.csproj", "{391C7217-DF9A-495E-82AA-2CF67164213B}"
EndProject
Project("{FAE04EC0-301F-11D3-BF4B-00C04F79EFBC}") = "Adv_L10_T2", "Adv_L10_T2\Adv_L10_T2.csproj", "{42153E5D-7E65-4BDD-AA26-26018A917DE5}"
EndProject
Project("{FAE04EC0-301F-11D3-BF4B-00C04F79EFBC}") = "Adv_L10_T3", "Adv_L10_T3\Adv_L10_T3.csproj", "{DBDD03F3-4C67-4D77-A8FD-772D320C4DCC}"
EndProject
Project("{FAE04EC0-301F-11D3-BF4B-00C04F79EFBC}") = "Adv_L10_T4", "Adv_L10_T4\Adv_L10_T4.csproj", "{2C17537D-04AE-448B-9A56-E30765F5DA52}"
EndProject
Project("{FAE04EC0-301F-11D3-BF4B-00C04F79EFBC}") = "Adv_L10_T5", "Adv_L10_T5\Adv_L10_T5.csproj", "{18865FCF-37B1-4B7B-B4E4-691EB109227F}"
EndProject
Global
	GlobalSection(SolutionConfigurationPlatforms) = preSolution
		Debug|Any CPU = Debug|Any CPU
		Release|Any CPU = Release|Any CPU
	EndGlobalSection
	GlobalSection(ProjectConfigurationPlatforms) = postSolution
		{391C7217-DF9A-495E-82AA-2CF67164213B}.Debug|Any CPU.ActiveCfg = Debug|Any CPU
		{391C7217-DF9A-495E-82AA-2CF67164213B}.Debug|Any CPU.Build.0 = Debug|Any CPU
		{391C7217-DF9A-495E-82AA-2CF67164213B}.Release|Any CPU.ActiveCfg = Release|Any CPU
		{391C7217-DF9A-495E-82AA-2CF67164213B}.Release|Any CPU.Build.0 = Release|Any CPU
		{42153E5D-7E65-4BDD-AA26-26018A917DE5}.Debug|Any CPU.ActiveCfg = Debug|Any CPU
		{42153E5D-7E65-4BDD-AA26-26018A917DE5}.Debug|Any CPU.Build.0 = Debug|Any CPU
		{42153E5D-7E65-4BDD-AA26-26018A917DE5}.Release|Any CPU.ActiveCfg = Release|Any CPU
		{42153E5D-7E65-4BDD-AA26-26018A917DE5}.Release|Any CPU.Build.0 = Release|Any CPU
		{DBDD03F3-4C67-4D77-A8FD-772D320C4DCC}.Debug|Any CPU.ActiveCfg = Debug|Any CPU
		{DBDD03F3-4C67-4D77-A8FD-772D320C4DCC}.Debug|Any CPU.Build.0 = Debug|Any CPU
		{DBDD03F3-4C67-4D77-A8FD-772D320C4DCC}.Release|Any CPU.ActiveCfg = Release|Any CPU
		{DBDD03F3-4C67-4D77-A8FD-772D320C4DCC}.Release|Any CPU.Build.0 = Release|Any CPU
		{2C17537D-04AE-448B-9A56-E30765F5DA52}.Debug|Any CPU.ActiveCfg = Debug|Any CPU
		{2C17537D-04AE-448B-9A56-E30765F5DA52}.Debug|Any CPU.Build.0 = Debug|Any CPU
		{2C17537D-04AE-448B-9A56-E30765F5DA52}.Release|Any CPU.ActiveCfg = Release|Any CPU
		{2C17537D-04AE-448B-9A56-E30765F5DA52}.Release|Any CPU.Build.0 = Release|Any CPU
		{18865FCF-37B1-4B7B-B4E4-691EB109227F}.Debug|Any CPU.ActiveCfg = Debug|Any CPU
		{18865FCF-37B1-4B7B-B4E4-691EB109227F}.Debug|Any CPU.Build.0 = Debug|Any CPU
		{18865FCF-37B1-4B7B-B4E4-691EB109227F}.Release|Any CPU.ActiveCfg = Release|Any CPU
		{18865FCF-37B1-4B7B-B4E4-691EB109227F}.Release|Any CPU.Build.0 = Release|Any CPU
	EndGlobalSection
	GlobalSection(SolutionProperties) = preSolution
		HideSolutionNode = FALSE
	EndGlobalSection
	GlobalSection(ExtensibilityGlobals) = postSolution
		SolutionGuid = {91D346BA-46DF-4B16-8DC1-D1133F3EB955}
	EndGlobalSection
EndGlobal
